<?xml version="1.0" encoding="utf-8"?>
<Project ToolsVersion="4.0" xmlns="http://schemas.microsoft.com/developer/msbuild/2003">
  <ItemGroup>
    <Filter Include="Source Files">
      <UniqueIdentifier>{4FC737F1-C7A5-4376-A066-2A32D752A2FF}</UniqueIdentifier>
      <Extensions>cpp;c;cc;cxx;c++;cppm;ixx;def;odl;idl;hpj;bat;asm;asmx</Extensions>
    </Filter>
    <Filter Include="Header Files">
      <UniqueIdentifier>{93995380-89BD-4b04-88EB-625FBE52EBFB}</UniqueIdentifier>
      <Extensions>h;hh;hpp;hxx;h++;hm;inl;inc;ipp;xsd</Extensions>
    </Filter>
    <Filter Include="Game">
      <UniqueIdentifier>{1b485a0c-6f83-4ec6-b76c-ebc22ae35e91}</UniqueIdentifier>
    </Filter>
    <Filter Include="Framework">
      <UniqueIdentifier>{64f5e591-14d4-4c09-9191-987fe8ea4a1c}</UniqueIdentifier>
    </Filter>
  </ItemGroup>
  <ItemGroup>
    <ClCompile Include="Main.cpp">
      <Filter>Source Files</Filter>
    </ClCompile>
    <ClCompile Include="Game\Game.cpp">
      <Filter>Game</Filter>
    </ClCompile>
    <ClCompile Include="Application.cpp">
      <Filter>Source Files</Filter>
    </ClCompile>
    <ClCompile Include="Game\Level.cpp">
      <Filter>Game</Filter>
    </ClCompile>
    <ClCompile Include="Game\Player.cpp">
      <Filter>Game</Filter>
    </ClCompile>
    <ClCompile Include="Framework\Animator.cpp">
      <Filter>Framework</Filter>
    </ClCompile>
    <ClCompile Include="Framework\InputHandler.cpp">
      <Filter>Framework</Filter>
    </ClCompile>
    <ClCompile Include="Framework\Random.cpp">
      <Filter>Framework</Filter>
    </ClCompile>
    <ClCompile Include="Framework\RenderDevice.cpp">
      <Filter>Framework</Filter>
    </ClCompile>
    <ClCompile Include="Framework\Texture.cpp">
      <Filter>Framework</Filter>
    </ClCompile>
    <ClCompile Include="Framework\Timer.cpp">
      <Filter>Framework</Filter>
    </ClCompile>
    <ClCompile Include="Framework\Vector2D.cpp">
      <Filter>Framework</Filter>
    </ClCompile>
    <ClCompile Include="Framework\Window.cpp">
      <Filter>Framework</Filter>
    </ClCompile>
    <ClCompile Include="Framework\TextureHandler.cpp">
      <Filter>Framework</Filter>
    </ClCompile>
    <ClCompile Include="Game\Toilette.cpp">
      <Filter>Game</Filter>
    </ClCompile>
  </ItemGroup>
  <ItemGroup>
    <ClInclude Include="Game\Game.h">
      <Filter>Game</Filter>
    </ClInclude>
    <ClInclude Include="Application.h">
      <Filter>Header Files</Filter>
    </ClInclude>
    <ClInclude Include="Game\Level.h">
      <Filter>Game</Filter>
    </ClInclude>
    <ClInclude Include="Game\Player.h">
      <Filter>Game</Filter>
    </ClInclude>
    <ClInclude Include="Framework\Animator.h">
      <Filter>Framework</Filter>
    </ClInclude>
    <ClInclude Include="Framework\InputHandler.h">
      <Filter>Framework</Filter>
    </ClInclude>
    <ClInclude Include="Framework\Random.h">
      <Filter>Framework</Filter>
    </ClInclude>
    <ClInclude Include="Framework\RenderDevice.h">
      <Filter>Framework</Filter>
    </ClInclude>
    <ClInclude Include="Framework\Singleton.h">
      <Filter>Framework</Filter>
    </ClInclude>
    <ClInclude Include="Framework\StringUtilities.h">
      <Filter>Framework</Filter>
    </ClInclude>
    <ClInclude Include="Framework\Texture.h">
      <Filter>Framework</Filter>
    </ClInclude>
    <ClInclude Include="Framework\Timer.h">
      <Filter>Framework</Filter>
    </ClInclude>
    <ClInclude Include="Framework\Vector2D.h">
      <Filter>Framework</Filter>
    </ClInclude>
    <ClInclude Include="Framework\Window.h">
      <Filter>Framework</Filter>
    </ClInclude>
    <ClInclude Include="Framework\TextureHandler.h">
      <Filter>Framework</Filter>
    </ClInclude>
    <ClInclude Include="Game\Toilette.h">
      <Filter>Game</Filter>
    </ClInclude>
  </ItemGroup>
</Project>